
Microsoft Visual Studio Solution File, Format Version 12.00
# Visual Studio 15
VisualStudioVersion = 15.0.28010.2016
MinimumVisualStudioVersion = 10.0.40219.1
Project("{FAE04EC0-301F-11D3-BF4B-00C04F79EFBC}") = "Hoteles", "Hoteles\Hoteles.csproj", "{B6CA1B18-9F3A-443D-AC98-4709B671BF1A}"
EndProject
Global
	GlobalSection(SolutionConfigurationPlatforms) = preSolution
		Debug|Any CPU = Debug|Any CPU
		Release|Any CPU = Release|Any CPU
	EndGlobalSection
	GlobalSection(ProjectConfigurationPlatforms) = postSolution
		{B6CA1B18-9F3A-443D-AC98-4709B671BF1A}.Debug|Any CPU.ActiveCfg = Debug|Any CPU
		{B6CA1B18-9F3A-443D-AC98-4709B671BF1A}.Debug|Any CPU.Build.0 = Debug|Any CPU
		{B6CA1B18-9F3A-443D-AC98-4709B671BF1A}.Release|Any CPU.ActiveCfg = Release|Any CPU
		{B6CA1B18-9F3A-443D-AC98-4709B671BF1A}.Release|Any CPU.Build.0 = Release|Any CPU
	EndGlobalSection
	GlobalSection(SolutionProperties) = preSolution
		HideSolutionNode = FALSE
	EndGlobalSection
	GlobalSection(ExtensibilityGlobals) = postSolution
		SolutionGuid = {6B5EF624-4BC1-4FE7-9941-908E1D42D3C1}
	EndGlobalSection
EndGlobal
